PODS:
  - AFNetworking (2.4.1):
    - AFNetworking/NSURLConnection (= 2.4.1)
    - AFNetworking/NSURLSession (= 2.4.1)
    - AFNetworking/Reachability (= 2.4.1)
    - AFNetworking/Security (= 2.4.1)
    - AFNetworking/Serialization (= 2.4.1)
    - AFNetworking/UIKit (= 2.4.1)
  - AFNetworking/NSURLConnection (2.4.1):
    - AFNetworking/Reachability
    - AFNetworking/Security
    - AFNetworking/Serialization
  - AFNetworking/NSURLSession (2.4.1):
    - AFNetworking/Reachability
    - AFNetworking/Security
    - AFNetworking/Serialization
  - AFNetworking/Reachability (2.4.1)
  - AFNetworking/Security (2.4.1)
  - AFNetworking/Serialization (2.4.1)
  - AFNetworking/UIKit (2.4.1):
    - AFNetworking/NSURLConnection
    - AFNetworking/NSURLSession
  - Boilerplate (0.0.1):
    - AFNetworking
    - Fabric/Crashlytics (~> 1.1.1)
    - MagicalRecord (= 2.3.0-beta.5)
    - Reachability
  - Fabric/Core (1.1.2)
  - Fabric/Crashlytics (1.1.2):
    - Fabric/Core
  - MagicalRecord (2.3.0-beta.5):
    - MagicalRecord/Core (= 2.3.0-beta.5)
  - MagicalRecord/Core (2.3.0-beta.5)
  - MBProgressHUD (0.9)
  - RaptureXML (1.0.1)
  - Reachability (3.2)
  - SSZipArchive (0.3.2)

DEPENDENCIES:
  - AFNetworking
  - Boilerplate (from `https://github.com/davidlawson/Boilerplate`)
  - MagicalRecord (from `https://github.com/magicalpanda/MagicalRecord`, tag `v2.3.0-beta.5`)
  - MBProgressHUD
  - RaptureXML
  - SSZipArchive

EXTERNAL SOURCES:
  Boilerplate:
    :git: https://github.com/davidlawson/Boilerplate
  MagicalRecord:
    :git: https://github.com/magicalpanda/MagicalRecord
    :tag: v2.3.0-beta.5

CHECKOUT OPTIONS:
  Boilerplate:
    :commit: e1acbdcf97737950404be8344178f835efc25d57
    :git: https://github.com/davidlawson/Boilerplate
  MagicalRecord:
    :git: https://github.com/magicalpanda/MagicalRecord
    :tag: v2.3.0-beta.5

SPEC CHECKSUMS:
  AFNetworking: 0aabc6fae66d6e5d039eeb21c315843c7aae51ab
  Boilerplate: c611b02a9c220996865854b8eac0952a7ee1c65d
  Fabric: e02d1e589fba3b317c012447b12cd2c0c3063d72
  MagicalRecord: edcc27277d4c15874cc565fb5d91576c146cb2f1
  MBProgressHUD: 2038dbcf3dce73215abed6001657043d53aa79a8
  RaptureXML: b9b0aca9c68c684c189af73dd5e8f8fdeec74600
  Reachability: 1ef8adf5c4e3d362f96515d4278f68dad3c26930
  SSZipArchive: 11299a4e89821bd4085b12f25edaa85853e0051c

COCOAPODS: 0.35.0
